// !$*UTF8*$!
{
	archiveVersion = 1;
	classes = {
	};
	objectVersion = 50;
	objects = {

/* Begin PBXBuildFile section */
		6C6B07B123DD28FF002EF534 /* AppDelegate.swift in Sources */ = {isa = PBXBuildFile; fileRef = 6C6B07B023DD28FF002EF534 /* AppDelegate.swift */; };
		6C6B07B323DD28FF002EF534 /* SceneDelegate.swift in Sources */ = {isa = PBXBuildFile; fileRef = 6C6B07B223DD28FF002EF534 /* SceneDelegate.swift */; };
		6C6B07B823DD28FF002EF534 /* Main.storyboard in Resources */ = {isa = PBXBuildFile; fileRef = 6C6B07B623DD28FF002EF534 /* Main.storyboard */; };
		6C6B07BA23DD2902002EF534 /* Assets.xcassets in Resources */ = {isa = PBXBuildFile; fileRef = 6C6B07B923DD2902002EF534 /* Assets.xcassets */; };
		6C6B07BD23DD2902002EF534 /* LaunchScreen.storyboard in Resources */ = {isa = PBXBuildFile; fileRef = 6C6B07BB23DD2902002EF534 /* LaunchScreen.storyboard */; };
		6C6B07C523DD292C002EF534 /* CourseList.swift in Sources */ = {isa = PBXBuildFile; fileRef = 6C6B07C423DD292C002EF534 /* CourseList.swift */; };
/* End PBXBuildFile section */

/* Begin PBXFileReference section */
		6C6B07AD23DD28FF002EF534 /* MyCourses.app */ = {isa = PBXFileReference; explicitFileType = wrapper.application; includeInIndex = 0; path = MyCourses.app; sourceTree = BUILT_PRODUCTS_DIR; };
		6C6B07B023DD28FF002EF534 /* AppDelegate.swift */ = {isa = PBXFileReference; lastKnownFileType = sourcecode.swift; path = AppDelegate.swift; sourceTree = "<group>"; };
		6C6B07B223DD28FF002EF534 /* SceneDelegate.swift */ = {isa = PBXFileReference; lastKnownFileType = sourcecode.swift; path = SceneDelegate.swift; sourceTree = "<group>"; };
		6C6B07B723DD28FF002EF534 /* Base */ = {isa = PBXFileReference; lastKnownFileType = file.storyboard; name = Base; path = Base.lproj/Main.storyboard; sourceTree = "<group>"; };
		6C6B07B923DD2902002EF534 /* Assets.xcassets */ = {isa = PBXFileReference; lastKnownFileType = folder.assetcatalog; path = Assets.xcassets; sourceTree = "<group>"; };
		6C6B07BC23DD2902002EF534 /* Base */ = {isa = PBXFileReference; lastKnownFileType = file.storyboard; name = Base; path = Base.lproj/LaunchScreen.storyboard; sourceTree = "<group>"; };
		6C6B07BE23DD2902002EF534 /* Info.plist */ = {isa = PBXFileReference; lastKnownFileType = text.plist.xml; path = Info.plist; sourceTree = "<group>"; };
		6C6B07C423DD292C002EF534 /* CourseList.swift */ = {isa = PBXFileReference; lastKnownFileType = sourcecode.swift; path = CourseList.swift; sourceTree = "<group>"; };
/* End PBXFileReference section */

/* Begin PBXFrameworksBuildPhase section */
		6C6B07AA23DD28FF002EF534 /* Frameworks */ = {
			isa = PBXFrameworksBuildPhase;
			buildActionMask = 2147483647;
			files = (
			);
			runOnlyForDeploymentPostprocessing = 0;
		};
/* End PBXFrameworksBuildPhase section */

/* Begin PBXGroup section */
		6C6B07A423DD28FF002EF534 = {
			isa = PBXGroup;
			children = (
				6C6B07AF23DD28FF002EF534 /* MyCourses */,
				6C6B07AE23DD28FF002EF534 /* Products */,
			);
			sourceTree = "<group>";
		};
		6C6B07AE23DD28FF002EF534 /* Products */ = {
			isa = PBXGroup;
			children = (
				6C6B07AD23DD28FF002EF534 /* MyCourses.app */,
			);
			name = Products;
			sourceTree = "<group>";
		};
		6C6B07AF23DD28FF002EF534 /* MyCourses */ = {
			isa = PBXGroup;
			children = (
				6C6B07B023DD28FF002EF534 /* AppDelegate.swift */,
				6C6B07B223DD28FF002EF534 /* SceneDelegate.swift */,
				6C6B07B623DD28FF002EF534 /* Main.storyboard */,
				6C6B07B923DD2902002EF534 /* Assets.xcassets */,
				6C6B07BB23DD2902002EF534 /* LaunchScreen.storyboard */,
				6C6B07BE23DD2902002EF534 /* Info.plist */,
				6C6B07C423DD292C002EF534 /* CourseList.swift */,
			);
			path = MyCourses;
			sourceTree = "<group>";
		};
/* End PBXGroup section */

/* Begin PBXNativeTarget section */
		6C6B07AC23DD28FF002EF534 /* MyCourses */ = {
			isa = PBXNativeTarget;
			buildConfigurationList = 6C6B07C123DD2902002EF534 /* Build configuration list for PBXNativeTarget "MyCourses" */;
			buildPhases = (
				6C6B07A923DD28FF002EF534 /* Sources */,
				6C6B07AA23DD28FF002EF534 /* Frameworks */,
				6C6B07AB23DD28FF002EF534 /* Resources */,
			);
			buildRules = (
			);
			dependencies = (
			);
			name = MyCourses;
			productName = MyCourses;
			productReference = 6C6B07AD23DD28FF002EF534 /* MyCourses.app */;
			productType = "com.apple.product-type.application";
		};
/* End PBXNativeTarget section */

/* Begin PBXProject section */
		6C6B07A523DD28FF002EF534 /* Project object */ = {
			isa = PBXProject;
			attributes = {
				LastSwiftUpdateCheck = 1130;
				LastUpgradeCheck = 1130;
				ORGANIZATIONNAME = "Jessie Gayeon Ko";
				TargetAttributes = {
					6C6B07AC23DD28FF002EF534 = {
						CreatedOnToolsVersion = 11.3.1;
					};
				};
			};
			buildConfigurationList = 6C6B07A823DD28FF002EF534 /* Build configuration list for PBXProject "MyCourses" */;
			compatibilityVersion = "Xcode 9.3";
			developmentRegion = en;
			hasScannedForEncodings = 0;
			knownRegions = (
				en,
				Base,
			);
			mainGroup = 6C6B07A423DD28FF002EF534;
			productRefGroup = 6C6B07AE23DD28FF002EF534 /* Products */;
			projectDirPath = "";
			projectRoot = "";
			targets = (
				6C6B07AC23DD28FF002EF534 /* MyCourses */,
			);
		};
/* End PBXProject section */

/* Begin PBXResourcesBuildPhase section */
		6C6B07AB23DD28FF002EF534 /* Resources */ = {
			isa = PBXResourcesBuildPhase;
			buildActionMask = 2147483647;
			files = (
				6C6B07BD23DD2902002EF534 /* LaunchScreen.storyboard in Resources */,
				6C6B07BA23DD2902002EF534 /* Assets.xcassets in Resources */,
				6C6B07B823DD28FF002EF534 /* Main.storyboard in Resources */,
			);
			runOnlyForDeploymentPostprocessing = 0;
		};
/* End PBXResourcesBuildPhase section */

/* Begin PBXSourcesBuildPhase section */
		6C6B07A923DD28FF002EF534 /* Sources */ = {
			isa = PBXSourcesBuildPhase;
			buildActionMask = 2147483647;
			files = (
				6C6B07B123DD28FF002EF534 /* AppDelegate.swift in Sources */,
				6C6B07C523DD292C002EF534 /* CourseList.swift in Sources */,
				6C6B07B323DD28FF002EF534 /* SceneDelegate.swift in Sources */,
			);
			runOnlyForDeploymentPostprocessing = 0;
		};
/* End PBXSourcesBuildPhase section */

/* Begin PBXVariantGroup section */
		6C6B07B623DD28FF002EF534 /* Main.storyboard */ = {
			isa = PBXVariantGroup;
			children = (
				6C6B07B723DD28FF002EF534 /* Base */,
			);
			name = Main.storyboard;
			sourceTree = "<group>";
		};
		6C6B07BB23DD2902002EF534 /* LaunchScreen.storyboard */ = {
			isa = PBXVariantGroup;
			children = (
				6C6B07BC23DD2902002EF534 /* Base */,
			);
			name = LaunchScreen.storyboard;
			sourceTree = "<group>";
		};
/* End PBXVariantGroup section */

/* Begin XCBuildConfiguration section */
		6C6B07BF23DD2902002EF534 /* Debug */ = {
			isa = XCBuildConfiguration;
			buildSettings = {
				ALWAYS_SEARCH_USER_PATHS = NO;
				CLANG_ANALYZER_NONNULL = YES;
				CLANG_ANALYZER_NUMBER_OBJECT_CONVERSION = YES_AGGRESSIVE;
				CLANG_CXX_LANGUAGE_STANDARD = "gnu++14";
				CLANG_CXX_LIBRARY = "libc++";
				CLANG_ENABLE_MODULES = YES;
				CLANG_ENABLE_OBJC_ARC = YES;
				CLANG_ENABLE_OBJC_WEAK = YES;
				CLANG_WARN_BLOCK_CAPTURE_AUTORELEASING = YES;
				CLANG_WARN_BOOL_CONVERSION = YES;
				CLANG_WARN_COMMA = YES;
				CLANG_WARN_CONSTANT_CONVERSION = YES;
				CLANG_WARN_DEPRECATED_OBJC_IMPLEMENTATIONS = YES;
				CLANG_WARN_DIRECT_OBJC_ISA_USAGE = YES_ERROR;
				CLANG_WARN_DOCUMENTATION_COMMENTS = YES;
				CLANG_WARN_EMPTY_BODY = YES;
				CLANG_WARN_ENUM_CONVERSION = YES;
				CLANG_WARN_INFINITE_RECURSION = YES;
				CLANG_WARN_INT_CONVERSION = YES;
				CLANG_WARN_NON_LITERAL_NULL_CONVERSION = YES;
				CLANG_WARN_OBJC_IMPLICIT_RETAIN_SELF = YES;
				CLANG_WARN_OBJC_LITERAL_CONVERSION = YES;
				CLANG_WARN_OBJC_ROOT_CLASS = YES_ERROR;
				CLANG_WARN_RANGE_LOOP_ANALYSIS = YES;
				CLANG_WARN_STRICT_PROTOTYPES = YES;
				CLANG_WARN_SUSPICIOUS_MOVE = YES;
				CLANG_WARN_UNGUARDED_AVAILABILITY = YES_AGGRESSIVE;
				CLANG_WARN_UNREACHABLE_CODE = YES;
				CLANG_WARN__DUPLICATE_METHOD_MATCH = YES;
				COPY_PHASE_STRIP = NO;
				DEBUG_INFORMATION_FORMAT = dwarf;
				ENABLE_STRICT_OBJC_MSGSEND = YES;
				ENABLE_TESTABILITY = YES;
				GCC_C_LANGUAGE_STANDARD = gnu11;
				GCC_DYNAMIC_NO_PIC = NO;
				GCC_NO_COMMON_BLOCKS = YES;
				GCC_OPTIMIZATION_LEVEL = 0;
				GCC_PREPROCESSOR_DEFINITIONS = (
					"DEBUG=1",
					"$(inherited)",
				);
				GCC_WARN_64_TO_32_BIT_CONVERSION = YES;
				GCC_WARN_ABOUT_RETURN_TYPE = YES_ERROR;
				GCC_WARN_UNDECLARED_SELECTOR = YES;
				GCC_WARN_UNINITIALIZED_AUTOS = YES_AGGRESSIVE;
				GCC_WARN_UNUSED_FUNCTION = YES;
				GCC_WARN_UNUSED_VARIABLE = YES;
				IPHONEOS_DEPLOYMENT_TARGET = 13.2;
				MTL_ENABLE_DEBUG_INFO = INCLUDE_SOURCE;
				MTL_FAST_MATH = YES;
				ONLY_ACTIVE_ARCH = YES;
				SDKROOT = iphoneos;
				SWIFT_ACTIVE_COMPILATION_CONDITIONS = DEBUG;
				SWIFT_OPTIMIZATION_LEVEL = "-Onone";
			};
			name = Debug;
		};
		6C6B07C023DD2902002EF534 /* Release */ = {
			isa = XCBuildConfiguration;
			buildSettings = {
				ALWAYS_SEARCH_USER_PATHS = NO;
				CLANG_ANALYZER_NONNULL = YES;
				CLANG_ANALYZER_NUMBER_OBJECT_CONVERSION = YES_AGGRESSIVE;
				CLANG_CXX_LANGUAGE_STANDARD = "gnu++14";
				CLANG_CXX_LIBRARY = "libc++";
				CLANG_ENABLE_MODULES = YES;
				CLANG_ENABLE_OBJC_ARC = YES;
				CLANG_ENABLE_OBJC_WEAK = YES;
				CLANG_WARN_BLOCK_CAPTURE_AUTORELEASING = YES;
				CLANG_WARN_BOOL_CONVERSION = YES;
				CLANG_WARN_COMMA = YES;
				CLANG_WARN_CONSTANT_CONVERSION = YES;
				CLANG_WARN_DEPRECATED_OBJC_IMPLEMENTATIONS = YES;
				CLANG_WARN_DIRECT_OBJC_ISA_USAGE = YES_ERROR;
				CLANG_WARN_DOCUMENTATION_COMMENTS = YES;
				CLANG_WARN_EMPTY_BODY = YES;
				CLANG_WARN_ENUM_CONVERSION = YES;
				CLANG_WARN_INFINITE_RECURSION = YES;
				CLANG_WARN_INT_CONVERSION = YES;
				CLANG_WARN_NON_LITERAL_NULL_CONVERSION = YES;
				CLANG_WARN_OBJC_IMPLICIT_RETAIN_SELF = YES;
				CLANG_WARN_OBJC_LITERAL_CONVERSION = YES;
				CLANG_WARN_OBJC_ROOT_CLASS = YES_ERROR;
				CLANG_WARN_RANGE_LOOP_ANALYSIS = YES;
				CLANG_WARN_STRICT_PROTOTYPES = YES;
				CLANG_WARN_SUSPICIOUS_MOVE = YES;
				CLANG_WARN_UNGUARDED_AVAILABILITY = YES_AGGRESSIVE;
				CLANG_WARN_UNREACHABLE_CODE = YES;
				CLANG_WARN__DUPLICATE_METHOD_MATCH = YES;
				COPY_PHASE_STRIP = NO;
				DEBUG_INFORMATION_FORMAT = "dwarf-with-dsym";
				ENABLE_NS_ASSERTIONS = NO;
				ENABLE_STRICT_OBJC_MSGSEND = YES;
				GCC_C_LANGUAGE_STANDARD = gnu11;
				GCC_NO_COMMON_BLOCKS = YES;
				GCC_WARN_64_TO_32_BIT_CONVERSION = YES;
				GCC_WARN_ABOUT_RETURN_TYPE = YES_ERROR;
				GCC_WARN_UNDECLARED_SELECTOR = YES;
				GCC_WARN_UNINITIALIZED_AUTOS = YES_AGGRESSIVE;
				GCC_WARN_UNUSED_FUNCTION = YES;
				GCC_WARN_UNUSED_VARIABLE = YES;
				IPHONEOS_DEPLOYMENT_TARGET = 13.2;
				MTL_ENABLE_DEBUG_INFO = NO;
				MTL_FAST_MATH = YES;
				SDKROOT = iphoneos;
				SWIFT_COMPILATION_MODE = wholemodule;
				SWIFT_OPTIMIZATION_LEVEL = "-O";
				VALIDATE_PRODUCT = YES;
			};
			name = Release;
		};
		6C6B07C223DD2902002EF534 /* Debug */ = {
			isa = XCBuildConfiguration;
			buildSettings = {
				ASSETCATALOG_COMPILER_APPICON_NAME = AppIcon;
				CODE_SIGN_STYLE = Automatic;
				INFOPLIST_FILE = MyCourses/Info.plist;
				LD_RUNPATH_SEARCH_PATHS = (
					"$(inherited)",
					"@executable_path/Frameworks",
				);
				PRODUCT_BUNDLE_IDENTIFIER = map.MyCourses;
				PRODUCT_NAME = "$(TARGET_NAME)";
				SWIFT_VERSION = 5.0;
				TARGETED_DEVICE_FAMILY = "1,2";
			};
			name = Debug;
		};
		6C6B07C323DD2902002EF534 /* Release */ = {
			isa = XCBuildConfiguration;
			buildSettings = {
				ASSETCATALOG_COMPILER_APPICON_NAME = AppIcon;
				CODE_SIGN_STYLE = Automatic;
				INFOPLIST_FILE = MyCourses/Info.plist;
				LD_RUNPATH_SEARCH_PATHS = (
					"$(inherited)",
					"@executable_path/Frameworks",
				);
				PRODUCT_BUNDLE_IDENTIFIER = map.MyCourses;
				PRODUCT_NAME = "$(TARGET_NAME)";
				SWIFT_VERSION = 5.0;
				TARGETED_DEVICE_FAMILY = "1,2";
			};
			name = Release;
		};
/* End XCBuildConfiguration section */

/* Begin XCConfigurationList section */
		6C6B07A823DD28FF002EF534 /* Build configuration list for PBXProject "MyCourses" */ = {
			isa = XCConfigurationList;
			buildConfigurations = (
				6C6B07BF23DD2902002EF534 /* Debug */,
				6C6B07C023DD2902002EF534 /* Release */,
			);
			defaultConfigurationIsVisible = 0;
			defaultConfigurationName = Release;
		};
		6C6B07C123DD2902002EF534 /* Build configuration list for PBXNativeTarget "MyCourses" */ = {
			isa = XCConfigurationList;
			buildConfigurations = (
				6C6B07C223DD2902002EF534 /* Debug */,
				6C6B07C323DD2902002EF534 /* Release */,
			);
			defaultConfigurationIsVisible = 0;
			defaultConfigurationName = Release;
		};
/* End XCConfigurationList section */
	};
	rootObject = 6C6B07A523DD28FF002EF534 /* Project object */;
}
